
Microsoft Visual Studio Solution File, Format Version 12.00
# Visual Studio Version 16
VisualStudioVersion = 16.0.32126.315
MinimumVisualStudioVersion = 10.0.40219.1
Project("{FAE04EC0-301F-11D3-BF4B-00C04F79EFBC}") = "BookStore", "BookStore\BookStore.csproj", "{3FB9E083-71A7-41D2-8355-A10EC80EC0D6}"
EndProject
Global
	GlobalSection(SolutionConfigurationPlatforms) = preSolution
		Debug|Any CPU = Debug|Any CPU
		Release|Any CPU = Release|Any CPU
	EndGlobalSection
	GlobalSection(ProjectConfigurationPlatforms) = postSolution
		{3FB9E083-71A7-41D2-8355-A10EC80EC0D6}.Debug|Any CPU.ActiveCfg = Debug|Any CPU
		{3FB9E083-71A7-41D2-8355-A10EC80EC0D6}.Debug|Any CPU.Build.0 = Debug|Any CPU
		{3FB9E083-71A7-41D2-8355-A10EC80EC0D6}.Release|Any CPU.ActiveCfg = Release|Any CPU
		{3FB9E083-71A7-41D2-8355-A10EC80EC0D6}.Release|Any CPU.Build.0 = Release|Any CPU
	EndGlobalSection
	GlobalSection(SolutionProperties) = preSolution
		HideSolutionNode = FALSE
	EndGlobalSection
	GlobalSection(ExtensibilityGlobals) = postSolution
		SolutionGuid = {AC52BCA6-8B9C-44C5-9842-247D167BACD6}
	EndGlobalSection
EndGlobal
